
Microsoft Visual Studio Solution File, Format Version 12.00
# Visual Studio Version 16
VisualStudioVersion = 16.0.33130.400
MinimumVisualStudioVersion = 10.0.40219.1
Project("{8BC9CEB8-8B4A-11D0-8D11-00A0C91BC942}") = "Tarea_003_Herencia", "Tarea_003_Herencia\Tarea_003_Herencia.vcxproj", "{BBABC926-D8AB-48B9-8DBF-AAE2F0993085}"
EndProject
Global
	GlobalSection(SolutionConfigurationPlatforms) = preSolution
		Debug|x64 = Debug|x64
		Debug|x86 = Debug|x86
		Release|x64 = Release|x64
		Release|x86 = Release|x86
	EndGlobalSection
	GlobalSection(ProjectConfigurationPlatforms) = postSolution
		{BBABC926-D8AB-48B9-8DBF-AAE2F0993085}.Debug|x64.ActiveCfg = Debug|x64
		{BBABC926-D8AB-48B9-8DBF-AAE2F0993085}.Debug|x64.Build.0 = Debug|x64
		{BBABC926-D8AB-48B9-8DBF-AAE2F0993085}.Debug|x86.ActiveCfg = Debug|Win32
		{BBABC926-D8AB-48B9-8DBF-AAE2F0993085}.Debug|x86.Build.0 = Debug|Win32
		{BBABC926-D8AB-48B9-8DBF-AAE2F0993085}.Release|x64.ActiveCfg = Release|x64
		{BBABC926-D8AB-48B9-8DBF-AAE2F0993085}.Release|x64.Build.0 = Release|x64
		{BBABC926-D8AB-48B9-8DBF-AAE2F0993085}.Release|x86.ActiveCfg = Release|Win32
		{BBABC926-D8AB-48B9-8DBF-AAE2F0993085}.Release|x86.Build.0 = Release|Win32
	EndGlobalSection
	GlobalSection(SolutionProperties) = preSolution
		HideSolutionNode = FALSE
	EndGlobalSection
	GlobalSection(ExtensibilityGlobals) = postSolution
		SolutionGuid = {63DC9127-0121-4574-A7F6-98C2306EEB20}
	EndGlobalSection
EndGlobal
